[{<<"cowboy">>,
  {git,"git://github.com/ninenines/cowboy.git",
       {ref,"0c15b9216b7467390623db84e169b32c68e85bcb"}},
  0},
 {<<"cowlib">>,
  {git,"https://github.com/ninenines/cowlib",
       {ref,"45f750db410a4b08c68d142ad0af839f544c5d3d"}},
  1},
 {<<"erlydtl">>,
  {git,"git://github.com/erlydtl/erlydtl.git",
       {ref,"87acc295c486bab3a638b8181276e05dac56d462"}},
  0},
 {<<"flactags">>,
  {git,"git://github.com/black13ua/flactags.git",
       {ref,"6a9b0c882942d1948e81f8cc8864cb318a0dda08"}},
  0},
 {<<"jsone">>,
  {git,"git://github.com/sile/jsone.git",
       {ref,"1ba7c1ab24b00d8eb7c33e4711a815e330be6c61"}},
  0},
 {<<"jsx">>,
  {git,"git://github.com/talentdeficit/jsx.git",
       {ref,"d4b6d3dc5fd9e759ff7a0c476654ea5124f5bae9"}},
  0},
 {<<"ranch">>,
  {git,"https://github.com/ninenines/ranch",
       {ref,"a004ad710eddd0c21aaccc30d5633a76b06164b5"}},
  1}].
