[{<<"cowboy">>,
  {git,"git://github.com/ninenines/cowboy.git",
       {ref,"d08c2ab39d38c181abda279d5c2cadfac33a50c1"}},
  0},
 {<<"cowlib">>,
  {git,"https://github.com/ninenines/cowlib.git",
       {ref,"d544a494af4dbc810fc9c15eaf5cc050cced1501"}},
  1},
 {<<"erlydtl">>,
  {git,"git://github.com/erlydtl/erlydtl.git",
       {ref,"87acc295c486bab3a638b8181276e05dac56d462"}},
  0},
 {<<"flactags">>,
  {git,"git://github.com/black13ua/flactags.git",
       {ref,"c8a0b229199d3ccee121ad412f2db8a242aa7f49"}},
  0},
 {<<"ranch">>,
  {git,"https://github.com/ninenines/ranch.git",
       {ref,"adf1822defc2b7cfdc7aca112adabfa1d614043c"}},
  1}].
